
Microsoft Visual Studio Solution File, Format Version 12.00
# Visual Studio Version 16
VisualStudioVersion = 16.0.30907.101
MinimumVisualStudioVersion = 10.0.40219.1
Project("{FAE04EC0-301F-11D3-BF4B-00C04F79EFBC}") = "AAIFinalAssignment", "AAIFinalAssignment\AAIFinalAssignment.csproj", "{B707A51A-BDEE-412E-906D-57AED9F6B813}"
EndProject
Global
	GlobalSection(SolutionConfigurationPlatforms) = preSolution
		Debug|Any CPU = Debug|Any CPU
		Release|Any CPU = Release|Any CPU
	EndGlobalSection
	GlobalSection(ProjectConfigurationPlatforms) = postSolution
		{B707A51A-BDEE-412E-906D-57AED9F6B813}.Debug|Any CPU.ActiveCfg = Debug|Any CPU
		{B707A51A-BDEE-412E-906D-57AED9F6B813}.Debug|Any CPU.Build.0 = Debug|Any CPU
		{B707A51A-BDEE-412E-906D-57AED9F6B813}.Release|Any CPU.ActiveCfg = Release|Any CPU
		{B707A51A-BDEE-412E-906D-57AED9F6B813}.Release|Any CPU.Build.0 = Release|Any CPU
	EndGlobalSection
	GlobalSection(SolutionProperties) = preSolution
		HideSolutionNode = FALSE
	EndGlobalSection
	GlobalSection(ExtensibilityGlobals) = postSolution
		SolutionGuid = {BF681F1D-AE02-4F5B-99D5-5472EF44AE7C}
	EndGlobalSection
EndGlobal
